Microsoft Visual Studio Solution File, Format Version 11.00
# Visual Studio 2008

Project("{BC37F534-4A56-49A7-F6D1-4B85CED9DD90}") = "cardBoardTest", "Assembly-CSharp.csproj", "{DF7C017C-83A4-7486-5D21-0331DCE132CE}"
EndProject
Project("{BC37F534-4A56-49A7-F6D1-4B85CED9DD90}") = "cardBoardTest", "Assembly-CSharp-Editor.csproj", "{92D3B965-C6EE-5DAC-ED94-D73D046D1B1C}"
EndProject
Global
	GlobalSection(SolutionConfigurationPlatforms) = preSolution
		Debug|Any CPU = Debug|Any CPU
		Release|Any CPU = Release|Any CPU
	EndGlobalSection
	GlobalSection(ProjectConfigurationPlatforms) = postSolution
		{DF7C017C-83A4-7486-5D21-0331DCE132CE}.Debug|Any CPU.ActiveCfg = Debug|Any CPU
		{DF7C017C-83A4-7486-5D21-0331DCE132CE}.Debug|Any CPU.Build.0 = Debug|Any CPU
		{DF7C017C-83A4-7486-5D21-0331DCE132CE}.Release|Any CPU.ActiveCfg = Release|Any CPU
		{DF7C017C-83A4-7486-5D21-0331DCE132CE}.Release|Any CPU.Build.0 = Release|Any CPU
		{92D3B965-C6EE-5DAC-ED94-D73D046D1B1C}.Debug|Any CPU.ActiveCfg = Debug|Any CPU
		{92D3B965-C6EE-5DAC-ED94-D73D046D1B1C}.Debug|Any CPU.Build.0 = Debug|Any CPU
		{92D3B965-C6EE-5DAC-ED94-D73D046D1B1C}.Release|Any CPU.ActiveCfg = Release|Any CPU
		{92D3B965-C6EE-5DAC-ED94-D73D046D1B1C}.Release|Any CPU.Build.0 = Release|Any CPU
	EndGlobalSection
	GlobalSection(SolutionProperties) = preSolution
		HideSolutionNode = FALSE
	EndGlobalSection
	GlobalSection(MonoDevelopProperties) = preSolution
		StartupItem = Assembly-CSharp.csproj
	EndGlobalSection
EndGlobal
